
Microsoft Visual Studio Solution File, Format Version 12.00
# Visual Studio Version 16
VisualStudioVersion = 16.0.30611.23
MinimumVisualStudioVersion = 10.0.40219.1
Project("{FAE04EC0-301F-11D3-BF4B-00C04F79EFBC}") = "NexxAPI", "NexxAPI\NexxAPI.csproj", "{28BFBB9A-D729-4121-9EA5-E2D27B92DFBB}"
EndProject
Project("{FAE04EC0-301F-11D3-BF4B-00C04F79EFBC}") = "TransferNexx", "TransferNexx\TransferNexx.csproj", "{1F773DA0-28F5-41A9-89B1-29A23EE4A7F1}"
EndProject
Global
	GlobalSection(SolutionConfigurationPlatforms) = preSolution
		Debug|Any CPU = Debug|Any CPU
		Release|Any CPU = Release|Any CPU
	EndGlobalSection
	GlobalSection(ProjectConfigurationPlatforms) = postSolution
		{28BFBB9A-D729-4121-9EA5-E2D27B92DFBB}.Debug|Any CPU.ActiveCfg = Debug|Any CPU
		{28BFBB9A-D729-4121-9EA5-E2D27B92DFBB}.Debug|Any CPU.Build.0 = Debug|Any CPU
		{28BFBB9A-D729-4121-9EA5-E2D27B92DFBB}.Release|Any CPU.ActiveCfg = Release|Any CPU
		{28BFBB9A-D729-4121-9EA5-E2D27B92DFBB}.Release|Any CPU.Build.0 = Release|Any CPU
		{1F773DA0-28F5-41A9-89B1-29A23EE4A7F1}.Debug|Any CPU.ActiveCfg = Debug|Any CPU
		{1F773DA0-28F5-41A9-89B1-29A23EE4A7F1}.Debug|Any CPU.Build.0 = Debug|Any CPU
		{1F773DA0-28F5-41A9-89B1-29A23EE4A7F1}.Release|Any CPU.ActiveCfg = Release|Any CPU
		{1F773DA0-28F5-41A9-89B1-29A23EE4A7F1}.Release|Any CPU.Build.0 = Release|Any CPU
	EndGlobalSection
	GlobalSection(SolutionProperties) = preSolution
		HideSolutionNode = FALSE
	EndGlobalSection
	GlobalSection(ExtensibilityGlobals) = postSolution
		SolutionGuid = {02905B68-A8C6-4031-BB53-CBCEC018E62F}
	EndGlobalSection
EndGlobal
